
Microsoft Visual Studio Solution File, Format Version 12.00
# Visual Studio Version 17
VisualStudioVersion = 17.14.36408.4 d17.14
MinimumVisualStudioVersion = 10.0.40219.1
Project("{FAE04EC0-301F-11D3-BF4B-00C04F79EFBC}") = "LIS.Web", "LIS.Web\LIS.Web.csproj", "{F9767024-1A48-4C38-B93D-19A1CC8F5C6C}"
EndProject
Global
	GlobalSection(SolutionConfigurationPlatforms) = preSolution
		Debug|Any CPU = Debug|Any CPU
		Release|Any CPU = Release|Any CPU
	EndGlobalSection
	GlobalSection(ProjectConfigurationPlatforms) = postSolution
		{F9767024-1A48-4C38-B93D-19A1CC8F5C6C}.Debug|Any CPU.ActiveCfg = Debug|Any CPU
		{F9767024-1A48-4C38-B93D-19A1CC8F5C6C}.Debug|Any CPU.Build.0 = Debug|Any CPU
		{F9767024-1A48-4C38-B93D-19A1CC8F5C6C}.Release|Any CPU.ActiveCfg = Release|Any CPU
		{F9767024-1A48-4C38-B93D-19A1CC8F5C6C}.Release|Any CPU.Build.0 = Release|Any CPU
	EndGlobalSection
	GlobalSection(SolutionProperties) = preSolution
		HideSolutionNode = FALSE
	EndGlobalSection
	GlobalSection(ExtensibilityGlobals) = postSolution
		SolutionGuid = {C9E08859-88C9-4183-8633-784A6F2A3D3D}
	EndGlobalSection
EndGlobal
